
Microsoft Visual Studio Solution File, Format Version 12.00
# Visual Studio Version 17
VisualStudioVersion = 17.5.002.0
MinimumVisualStudioVersion = 10.0.40219.1
Project("{9A19103F-16F7-4668-BE54-9A1E7A4F7556}") = "solidPrinciple", "solidPrinciple.csproj", "{457051B7-A9FB-437C-836C-106D159BB2A1}"
EndProject
Global
	GlobalSection(SolutionConfigurationPlatforms) = preSolution
		Debug|Any CPU = Debug|Any CPU
		Release|Any CPU = Release|Any CPU
	EndGlobalSection
	GlobalSection(ProjectConfigurationPlatforms) = postSolution
		{457051B7-A9FB-437C-836C-106D159BB2A1}.Debug|Any CPU.ActiveCfg = Debug|Any CPU
		{457051B7-A9FB-437C-836C-106D159BB2A1}.Debug|Any CPU.Build.0 = Debug|Any CPU
		{457051B7-A9FB-437C-836C-106D159BB2A1}.Release|Any CPU.ActiveCfg = Release|Any CPU
		{457051B7-A9FB-437C-836C-106D159BB2A1}.Release|Any CPU.Build.0 = Release|Any CPU
	EndGlobalSection
	GlobalSection(SolutionProperties) = preSolution
		HideSolutionNode = FALSE
	EndGlobalSection
	GlobalSection(ExtensibilityGlobals) = postSolution
		SolutionGuid = {3EFA4CFC-C29E-4F84-9F63-54B29A765A2F}
	EndGlobalSection
EndGlobal
